
Microsoft Visual Studio Solution File, Format Version 12.00
# Visual Studio 2012
Project("{FAE04EC0-301F-11D3-BF4B-00C04F79EFBC}") = "demo.Android", "demo.Android\demo.Android.csproj", "{9DEE2D2F-EA34-4BD8-B155-08588FDF655E}"
EndProject
Project("{FAE04EC0-301F-11D3-BF4B-00C04F79EFBC}") = "demo.iOS", "demo.iOS\demo.iOS.csproj", "{F692E4F5-6CDC-49A0-B5EE-145DE9FE1908}"
EndProject
Project("{FAE04EC0-301F-11D3-BF4B-00C04F79EFBC}") = "demo.UITests", "demo.UITests\demo.UITests.csproj", "{B19C892E-2628-4CA7-AD27-08D406A3B14B}"
EndProject
Project("{FAE04EC0-301F-11D3-BF4B-00C04F79EFBC}") = "demo", "demo\demo.csproj", "{006CB42D-9D9F-4DB7-B114-6314347BE578}"
EndProject
Global
	GlobalSection(SolutionConfigurationPlatforms) = preSolution
		Debug|Any CPU = Debug|Any CPU
		Release|Any CPU = Release|Any CPU
		Debug|iPhoneSimulator = Debug|iPhoneSimulator
		Release|iPhoneSimulator = Release|iPhoneSimulator
		Debug|iPhone = Debug|iPhone
		Release|iPhone = Release|iPhone
		Ad-Hoc|iPhone = Ad-Hoc|iPhone
		AppStore|iPhone = AppStore|iPhone
	EndGlobalSection
	GlobalSection(ProjectConfigurationPlatforms) = postSolution
		{9DEE2D2F-EA34-4BD8-B155-08588FDF655E}.Debug|Any CPU.ActiveCfg = Debug|Any CPU
		{9DEE2D2F-EA34-4BD8-B155-08588FDF655E}.Debug|Any CPU.Build.0 = Debug|Any CPU
		{9DEE2D2F-EA34-4BD8-B155-08588FDF655E}.Release|Any CPU.ActiveCfg = Release|Any CPU
		{9DEE2D2F-EA34-4BD8-B155-08588FDF655E}.Release|Any CPU.Build.0 = Release|Any CPU
		{9DEE2D2F-EA34-4BD8-B155-08588FDF655E}.Debug|iPhoneSimulator.ActiveCfg = Debug|Any CPU
		{9DEE2D2F-EA34-4BD8-B155-08588FDF655E}.Debug|iPhoneSimulator.Build.0 = Debug|Any CPU
		{9DEE2D2F-EA34-4BD8-B155-08588FDF655E}.Release|iPhoneSimulator.ActiveCfg = Release|Any CPU
		{9DEE2D2F-EA34-4BD8-B155-08588FDF655E}.Release|iPhoneSimulator.Build.0 = Release|Any CPU
		{9DEE2D2F-EA34-4BD8-B155-08588FDF655E}.Debug|iPhone.ActiveCfg = Debug|Any CPU
		{9DEE2D2F-EA34-4BD8-B155-08588FDF655E}.Debug|iPhone.Build.0 = Debug|Any CPU
		{9DEE2D2F-EA34-4BD8-B155-08588FDF655E}.Release|iPhone.ActiveCfg = Release|Any CPU
		{9DEE2D2F-EA34-4BD8-B155-08588FDF655E}.Release|iPhone.Build.0 = Release|Any CPU
		{9DEE2D2F-EA34-4BD8-B155-08588FDF655E}.Ad-Hoc|iPhone.ActiveCfg = Debug|Any CPU
		{9DEE2D2F-EA34-4BD8-B155-08588FDF655E}.Ad-Hoc|iPhone.Build.0 = Debug|Any CPU
		{9DEE2D2F-EA34-4BD8-B155-08588FDF655E}.AppStore|iPhone.ActiveCfg = Debug|Any CPU
		{9DEE2D2F-EA34-4BD8-B155-08588FDF655E}.AppStore|iPhone.Build.0 = Debug|Any CPU
		{F692E4F5-6CDC-49A0-B5EE-145DE9FE1908}.Debug|Any CPU.ActiveCfg = Debug|iPhoneSimulator
		{F692E4F5-6CDC-49A0-B5EE-145DE9FE1908}.Debug|Any CPU.Build.0 = Debug|iPhoneSimulator
		{F692E4F5-6CDC-49A0-B5EE-145DE9FE1908}.Release|Any CPU.ActiveCfg = Release|iPhoneSimulator
		{F692E4F5-6CDC-49A0-B5EE-145DE9FE1908}.Release|Any CPU.Build.0 = Release|iPhoneSimulator
		{F692E4F5-6CDC-49A0-B5EE-145DE9FE1908}.Debug|iPhoneSimulator.ActiveCfg = Debug|iPhoneSimulator
		{F692E4F5-6CDC-49A0-B5EE-145DE9FE1908}.Debug|iPhoneSimulator.Build.0 = Debug|iPhoneSimulator
		{F692E4F5-6CDC-49A0-B5EE-145DE9FE1908}.Release|iPhoneSimulator.ActiveCfg = Release|iPhoneSimulator
		{F692E4F5-6CDC-49A0-B5EE-145DE9FE1908}.Release|iPhoneSimulator.Build.0 = Release|iPhoneSimulator
		{F692E4F5-6CDC-49A0-B5EE-145DE9FE1908}.Debug|iPhone.ActiveCfg = Debug|iPhone
		{F692E4F5-6CDC-49A0-B5EE-145DE9FE1908}.Debug|iPhone.Build.0 = Debug|iPhone
		{F692E4F5-6CDC-49A0-B5EE-145DE9FE1908}.Release|iPhone.ActiveCfg = Release|iPhone
		{F692E4F5-6CDC-49A0-B5EE-145DE9FE1908}.Release|iPhone.Build.0 = Release|iPhone
		{F692E4F5-6CDC-49A0-B5EE-145DE9FE1908}.Ad-Hoc|iPhone.ActiveCfg = Ad-Hoc|iPhone
		{F692E4F5-6CDC-49A0-B5EE-145DE9FE1908}.Ad-Hoc|iPhone.Build.0 = Ad-Hoc|iPhone
		{F692E4F5-6CDC-49A0-B5EE-145DE9FE1908}.AppStore|iPhone.ActiveCfg = AppStore|iPhone
		{F692E4F5-6CDC-49A0-B5EE-145DE9FE1908}.AppStore|iPhone.Build.0 = AppStore|iPhone
		{B19C892E-2628-4CA7-AD27-08D406A3B14B}.Debug|Any CPU.ActiveCfg = Debug|Any CPU
		{B19C892E-2628-4CA7-AD27-08D406A3B14B}.Debug|Any CPU.Build.0 = Debug|Any CPU
		{B19C892E-2628-4CA7-AD27-08D406A3B14B}.Release|Any CPU.ActiveCfg = Release|Any CPU
		{B19C892E-2628-4CA7-AD27-08D406A3B14B}.Release|Any CPU.Build.0 = Release|Any CPU
		{B19C892E-2628-4CA7-AD27-08D406A3B14B}.Debug|iPhoneSimulator.ActiveCfg = Debug|Any CPU
		{B19C892E-2628-4CA7-AD27-08D406A3B14B}.Debug|iPhoneSimulator.Build.0 = Debug|Any CPU
		{B19C892E-2628-4CA7-AD27-08D406A3B14B}.Release|iPhoneSimulator.ActiveCfg = Release|Any CPU
		{B19C892E-2628-4CA7-AD27-08D406A3B14B}.Release|iPhoneSimulator.Build.0 = Release|Any CPU
		{B19C892E-2628-4CA7-AD27-08D406A3B14B}.Debug|iPhone.ActiveCfg = Debug|Any CPU
		{B19C892E-2628-4CA7-AD27-08D406A3B14B}.Debug|iPhone.Build.0 = Debug|Any CPU
		{B19C892E-2628-4CA7-AD27-08D406A3B14B}.Release|iPhone.ActiveCfg = Release|Any CPU
		{B19C892E-2628-4CA7-AD27-08D406A3B14B}.Release|iPhone.Build.0 = Release|Any CPU
		{B19C892E-2628-4CA7-AD27-08D406A3B14B}.Ad-Hoc|iPhone.ActiveCfg = Debug|Any CPU
		{B19C892E-2628-4CA7-AD27-08D406A3B14B}.Ad-Hoc|iPhone.Build.0 = Debug|Any CPU
		{B19C892E-2628-4CA7-AD27-08D406A3B14B}.AppStore|iPhone.ActiveCfg = Debug|Any CPU
		{B19C892E-2628-4CA7-AD27-08D406A3B14B}.AppStore|iPhone.Build.0 = Debug|Any CPU
		{006CB42D-9D9F-4DB7-B114-6314347BE578}.Debug|Any CPU.ActiveCfg = Debug|Any CPU
		{006CB42D-9D9F-4DB7-B114-6314347BE578}.Debug|Any CPU.Build.0 = Debug|Any CPU
		{006CB42D-9D9F-4DB7-B114-6314347BE578}.Release|Any CPU.ActiveCfg = Release|Any CPU
		{006CB42D-9D9F-4DB7-B114-6314347BE578}.Release|Any CPU.Build.0 = Release|Any CPU
		{006CB42D-9D9F-4DB7-B114-6314347BE578}.Debug|iPhoneSimulator.ActiveCfg = Debug|Any CPU
		{006CB42D-9D9F-4DB7-B114-6314347BE578}.Debug|iPhoneSimulator.Build.0 = Debug|Any CPU
		{006CB42D-9D9F-4DB7-B114-6314347BE578}.Release|iPhoneSimulator.ActiveCfg = Release|Any CPU
		{006CB42D-9D9F-4DB7-B114-6314347BE578}.Release|iPhoneSimulator.Build.0 = Release|Any CPU
		{006CB42D-9D9F-4DB7-B114-6314347BE578}.Debug|iPhone.ActiveCfg = Debug|Any CPU
		{006CB42D-9D9F-4DB7-B114-6314347BE578}.Debug|iPhone.Build.0 = Debug|Any CPU
		{006CB42D-9D9F-4DB7-B114-6314347BE578}.Release|iPhone.ActiveCfg = Release|Any CPU
		{006CB42D-9D9F-4DB7-B114-6314347BE578}.Release|iPhone.Build.0 = Release|Any CPU
		{006CB42D-9D9F-4DB7-B114-6314347BE578}.Ad-Hoc|iPhone.ActiveCfg = Debug|Any CPU
		{006CB42D-9D9F-4DB7-B114-6314347BE578}.Ad-Hoc|iPhone.Build.0 = Debug|Any CPU
		{006CB42D-9D9F-4DB7-B114-6314347BE578}.AppStore|iPhone.ActiveCfg = Debug|Any CPU
		{006CB42D-9D9F-4DB7-B114-6314347BE578}.AppStore|iPhone.Build.0 = Debug|Any CPU
	EndGlobalSection
EndGlobal
